%{"espec": {:hex, :espec, "1.5.0", "0a6bee7360b478d7267df7f823107b458923f49841e4b96747bcb442108104d2", [:mix], [{:meck, "0.8.9", [hex: :meck, repo: "hexpm", optional: false]}], "hexpm"},
  "meck": {:hex, :meck, "0.8.9", "64c5c0bd8bcca3a180b44196265c8ed7594e16bcc845d0698ec6b4e577f48188", [:rebar3], [], "hexpm"}}
